
Microsoft Visual Studio Solution File, Format Version 12.00
# Visual Studio Version 17
VisualStudioVersion = 17.1.32421.90
MinimumVisualStudioVersion = 10.0.40219.1
Project("{FAE04EC0-301F-11D3-BF4B-00C04F79EFBC}") = "WebApplication1", "WebApplication1\WebApplication1.csproj", "{3170F58A-962C-4D5C-A48E-88FE0EA1A7AE}"
EndProject
Global
	GlobalSection(SolutionConfigurationPlatforms) = preSolution
		Debug|Any CPU = Debug|Any CPU
		Release|Any CPU = Release|Any CPU
	EndGlobalSection
	GlobalSection(ProjectConfigurationPlatforms) = postSolution
		{3170F58A-962C-4D5C-A48E-88FE0EA1A7AE}.Debug|Any CPU.ActiveCfg = Debug|Any CPU
		{3170F58A-962C-4D5C-A48E-88FE0EA1A7AE}.Debug|Any CPU.Build.0 = Debug|Any CPU
		{3170F58A-962C-4D5C-A48E-88FE0EA1A7AE}.Release|Any CPU.ActiveCfg = Release|Any CPU
		{3170F58A-962C-4D5C-A48E-88FE0EA1A7AE}.Release|Any CPU.Build.0 = Release|Any CPU
	EndGlobalSection
	GlobalSection(SolutionProperties) = preSolution
		HideSolutionNode = FALSE
	EndGlobalSection
	GlobalSection(ExtensibilityGlobals) = postSolution
		SolutionGuid = {630A0213-462A-4271-9339-A8DF1E6C1CD0}
	EndGlobalSection
EndGlobal
